
Microsoft Visual Studio Solution File, Format Version 12.00
# Visual Studio Version 17
VisualStudioVersion = 17.6.33712.159
MinimumVisualStudioVersion = 10.0.40219.1
Project("{9A19103F-16F7-4668-BE54-9A1E7A4F7556}") = "PracticalCourse", "PracticalCourse\PracticalCourse.csproj", "{12EA30B8-63F7-477F-A34A-C5E6CC29A30D}"
EndProject
Project("{9A19103F-16F7-4668-BE54-9A1E7A4F7556}") = "Task4", "Task4\Task4.csproj", "{7E75269C-DA27-4853-8675-4E82783B3976}"
EndProject
Project("{9A19103F-16F7-4668-BE54-9A1E7A4F7556}") = "Task5", "Task5\Task5.csproj", "{5E23C868-6B01-4DA0-87B5-4435E922C6D7}"
EndProject
Project("{9A19103F-16F7-4668-BE54-9A1E7A4F7556}") = "VirtualMethod", "VirtualMethod\VirtualMethod.csproj", "{017970AC-34CA-4B98-8328-598B882FE48D}"
EndProject
Project("{9A19103F-16F7-4668-BE54-9A1E7A4F7556}") = "Sprint2_1", "Sprint2_1\Sprint2_1.csproj", "{3AB27F8B-A70B-421C-A6A6-7BB9149B1DA1}"
EndProject
Project("{9A19103F-16F7-4668-BE54-9A1E7A4F7556}") = "sprint2_2", "sprint2_2\sprint2_2.csproj", "{A8C4BE65-A507-4F43-9B0C-643C1E5C0F1D}"
EndProject
Project("{9A19103F-16F7-4668-BE54-9A1E7A4F7556}") = "Sprint2_3", "Sprint2_3\Sprint2_3.csproj", "{B06E1678-F561-40A2-BA5A-6ADC226147DB}"
EndProject
Project("{9A19103F-16F7-4668-BE54-9A1E7A4F7556}") = "Sprint2_4", "Sprint2_4\Sprint2_4.csproj", "{388474D9-8B6F-49D2-BE03-77CC223121EE}"
EndProject
Project("{9A19103F-16F7-4668-BE54-9A1E7A4F7556}") = "sprint2_5", "sprint2_5\sprint2_5.csproj", "{48A7E98C-8246-4B6E-9293-7F7942CF1618}"
EndProject
Project("{9A19103F-16F7-4668-BE54-9A1E7A4F7556}") = "ConsoleApp1", "ConsoleApp1\ConsoleApp1.csproj", "{0208D271-6943-48E5-A8FA-F0B05333585A}"
EndProject
Project("{9A19103F-16F7-4668-BE54-9A1E7A4F7556}") = "Delegate_Events", "Delegate_Events\Delegate_Events.csproj", "{0A84C76A-F51F-455C-81E0-3A6D939DA54F}"
EndProject
Project("{9A19103F-16F7-4668-BE54-9A1E7A4F7556}") = "Del2", "Del2\Del2.csproj", "{F9AEAC22-4611-4A7E-A495-363E20E555EA}"
EndProject
Project("{9A19103F-16F7-4668-BE54-9A1E7A4F7556}") = "MultiCaslDel", "MultiCaslDel\MultiCaslDel.csproj", "{2593AE6A-2C40-43AB-8866-B538DC3519BD}"
EndProject
Project("{9A19103F-16F7-4668-BE54-9A1E7A4F7556}") = "Sprint3_1", "Sprint3_1\Sprint3_1.csproj", "{C3308AAA-497D-47F1-B593-2B26A16ACCDB}"
EndProject
Project("{9A19103F-16F7-4668-BE54-9A1E7A4F7556}") = "Del3", "Del3\Del3.csproj", "{85259AD9-698B-4A82-8242-CBA5D3A0565E}"
EndProject
Project("{9A19103F-16F7-4668-BE54-9A1E7A4F7556}") = "Interfaces", "Interfaces\Interfaces.csproj", "{3080C4DE-791E-4A61-9D69-F69C8D770868}"
EndProject
Project("{9A19103F-16F7-4668-BE54-9A1E7A4F7556}") = "Interfaces_2", "Interfaces_2\Interfaces_2.csproj", "{55B0A229-5A2E-46D1-9570-565C93FBF103}"
EndProject
Project("{9A19103F-16F7-4668-BE54-9A1E7A4F7556}") = "Interfaces_3", "Interfaces_3\Interfaces_3.csproj", "{2FC0C864-FBF3-4CCD-9C15-27E86D3B406F}"
EndProject
Project("{9A19103F-16F7-4668-BE54-9A1E7A4F7556}") = "ConsoleApp2", "ConsoleApp2\ConsoleApp2.csproj", "{78DD353D-1D93-469B-B25C-8861C859D56C}"
EndProject
Project("{9A19103F-16F7-4668-BE54-9A1E7A4F7556}") = "ConsoleApp3", "ConsoleApp3\ConsoleApp3.csproj", "{7FBC2086-0944-4B6A-B880-C7397EFDE3A0}"
EndProject
Project("{9A19103F-16F7-4668-BE54-9A1E7A4F7556}") = "Sprint4_1", "Sprint4_1\Sprint4_1.csproj", "{B1370B01-5C43-4A51-AEDC-256A5F6CB914}"
EndProject
Project("{9A19103F-16F7-4668-BE54-9A1E7A4F7556}") = "ConsoleApp4", "ConsoleApp4\ConsoleApp4.csproj", "{4D2C2D9F-B3B4-474B-8E7C-3B9DB29ABEC5}"
EndProject
Project("{9A19103F-16F7-4668-BE54-9A1E7A4F7556}") = "Sprint4_2", "Sprint4_2\Sprint4_2.csproj", "{3CE4C56D-3DA8-4360-AE2B-52C4F93DEB6C}"
EndProject
Project("{9A19103F-16F7-4668-BE54-9A1E7A4F7556}") = "ConsoleApp5", "ConsoleApp5\ConsoleApp5.csproj", "{AD06F00D-0340-4B81-AEFF-969A14D72C0C}"
EndProject
Project("{9A19103F-16F7-4668-BE54-9A1E7A4F7556}") = "Sprint4_4", "Sprint4_4\Sprint4_4.csproj", "{94250836-98B6-4143-90D9-4FA52867BEC0}"
EndProject
Project("{9A19103F-16F7-4668-BE54-9A1E7A4F7556}") = "Sprint6_1", "Sprint6_1\Sprint6_1.csproj", "{E41ADBB5-E9DB-422C-8F54-8CE70A95D9AA}"
EndProject
Project("{9A19103F-16F7-4668-BE54-9A1E7A4F7556}") = "sprint 6_2", "sprint 6_2\sprint 6_2.csproj", "{0251AA1D-D5DC-41B4-A10F-A1760BC89D10}"
EndProject
Project("{9A19103F-16F7-4668-BE54-9A1E7A4F7556}") = "JsonPractice", "JsonPractice\JsonPractice.csproj", "{74CCF701-B00C-444A-85B6-F434DC61B433}"
EndProject
Project("{9A19103F-16F7-4668-BE54-9A1E7A4F7556}") = "JsonPractice_2", "JsonPractice_2\JsonPractice_2.csproj", "{D52848DA-4467-4ED6-BCE7-7CB6F0767A9A}"
EndProject
Project("{9A19103F-16F7-4668-BE54-9A1E7A4F7556}") = "JsonOptionsPractice", "JsonOptionsPractice\JsonOptionsPractice.csproj", "{13D3C194-16F7-4F03-B3D5-DC9BD4A8138A}"
EndProject
Project("{9A19103F-16F7-4668-BE54-9A1E7A4F7556}") = "JsonPropertyPractice", "JsonPropertyPractice\JsonPropertyPractice.csproj", "{16B2CD2E-09D5-4447-A4B1-03472849046F}"
EndProject
Project("{9A19103F-16F7-4668-BE54-9A1E7A4F7556}") = "XML_1", "XML_1\XML_1.csproj", "{57974B7E-2D36-4A99-82B8-6CA134652C97}"
EndProject
Project("{9A19103F-16F7-4668-BE54-9A1E7A4F7556}") = "XML_2", "XML_2\XML_2.csproj", "{4847655F-B00A-464D-8CCF-0DA5ED332407}"
EndProject
Project("{9A19103F-16F7-4668-BE54-9A1E7A4F7556}") = "linq_1", "linq_1\linq_1.csproj", "{B03B032B-D355-489D-9380-18E3195DA18C}"
EndProject
Project("{9A19103F-16F7-4668-BE54-9A1E7A4F7556}") = "ExtensionsMeth_1", "ExtensionsMeth_1\ExtensionsMeth_1.csproj", "{DFD4B4BB-D944-41C1-875A-AF09B1C0E739}"
EndProject
Project("{9A19103F-16F7-4668-BE54-9A1E7A4F7556}") = "SprintLSer", "SprintLinqSer\SprintLSer.csproj", "{73F412E1-D781-4CB5-8767-487A95F154EE}"
EndProject
Project("{9A19103F-16F7-4668-BE54-9A1E7A4F7556}") = "Sprint_2Ser", "Sprint_2Ser\Sprint_2Ser.csproj", "{12C96DEA-6A66-4CEA-9DB6-0FD873F882AD}"
EndProject
Project("{9A19103F-16F7-4668-BE54-9A1E7A4F7556}") = "ConsoleApp7", "ConsoleApp7\ConsoleApp7.csproj", "{02A046F5-CE0D-480D-88AC-81CC2188E6D8}"
EndProject
Project("{9A19103F-16F7-4668-BE54-9A1E7A4F7556}") = "ConsoleApp8", "ConsoleApp8\ConsoleApp8.csproj", "{F9C93283-F646-4299-9ECF-F338B0358A05}"
EndProject
Project("{9A19103F-16F7-4668-BE54-9A1E7A4F7556}") = "CollectionsPracticeForMySelf", "CollectionsPracticeForMySelf\CollectionsPracticeForMySelf.csproj", "{B8370BFC-72C0-4851-AAA8-7F4DAAB93FA8}"
EndProject
Project("{9A19103F-16F7-4668-BE54-9A1E7A4F7556}") = "Collections_2", "Collections_2\Collections_2.csproj", "{79B522F7-F9D6-4098-A9EC-84B8826EA502}"
EndProject
Project("{FAE04EC0-301F-11D3-BF4B-00C04F79EFBC}") = "MultiThreading", "MultiThreading\MultiThreading.csproj", "{F0209179-CA47-4A28-A8B5-2F2E0FBDDEE5}"
EndProject
Global
	GlobalSection(SolutionConfigurationPlatforms) = preSolution
		Debug|Any CPU = Debug|Any CPU
		Release|Any CPU = Release|Any CPU
	EndGlobalSection
	GlobalSection(ProjectConfigurationPlatforms) = postSolution
		{12EA30B8-63F7-477F-A34A-C5E6CC29A30D}.Debug|Any CPU.ActiveCfg = Debug|Any CPU
		{12EA30B8-63F7-477F-A34A-C5E6CC29A30D}.Debug|Any CPU.Build.0 = Debug|Any CPU
		{12EA30B8-63F7-477F-A34A-C5E6CC29A30D}.Release|Any CPU.ActiveCfg = Release|Any CPU
		{12EA30B8-63F7-477F-A34A-C5E6CC29A30D}.Release|Any CPU.Build.0 = Release|Any CPU
		{7E75269C-DA27-4853-8675-4E82783B3976}.Debug|Any CPU.ActiveCfg = Debug|Any CPU
		{7E75269C-DA27-4853-8675-4E82783B3976}.Debug|Any CPU.Build.0 = Debug|Any CPU
		{7E75269C-DA27-4853-8675-4E82783B3976}.Release|Any CPU.ActiveCfg = Release|Any CPU
		{7E75269C-DA27-4853-8675-4E82783B3976}.Release|Any CPU.Build.0 = Release|Any CPU
		{5E23C868-6B01-4DA0-87B5-4435E922C6D7}.Debug|Any CPU.ActiveCfg = Debug|Any CPU
		{5E23C868-6B01-4DA0-87B5-4435E922C6D7}.Debug|Any CPU.Build.0 = Debug|Any CPU
		{5E23C868-6B01-4DA0-87B5-4435E922C6D7}.Release|Any CPU.ActiveCfg = Release|Any CPU
		{5E23C868-6B01-4DA0-87B5-4435E922C6D7}.Release|Any CPU.Build.0 = Release|Any CPU
		{017970AC-34CA-4B98-8328-598B882FE48D}.Debug|Any CPU.ActiveCfg = Debug|Any CPU
		{017970AC-34CA-4B98-8328-598B882FE48D}.Debug|Any CPU.Build.0 = Debug|Any CPU
		{017970AC-34CA-4B98-8328-598B882FE48D}.Release|Any CPU.ActiveCfg = Release|Any CPU
		{017970AC-34CA-4B98-8328-598B882FE48D}.Release|Any CPU.Build.0 = Release|Any CPU
		{3AB27F8B-A70B-421C-A6A6-7BB9149B1DA1}.Debug|Any CPU.ActiveCfg = Debug|Any CPU
		{3AB27F8B-A70B-421C-A6A6-7BB9149B1DA1}.Debug|Any CPU.Build.0 = Debug|Any CPU
		{3AB27F8B-A70B-421C-A6A6-7BB9149B1DA1}.Release|Any CPU.ActiveCfg = Release|Any CPU
		{3AB27F8B-A70B-421C-A6A6-7BB9149B1DA1}.Release|Any CPU.Build.0 = Release|Any CPU
		{A8C4BE65-A507-4F43-9B0C-643C1E5C0F1D}.Debug|Any CPU.ActiveCfg = Debug|Any CPU
		{A8C4BE65-A507-4F43-9B0C-643C1E5C0F1D}.Debug|Any CPU.Build.0 = Debug|Any CPU
		{A8C4BE65-A507-4F43-9B0C-643C1E5C0F1D}.Release|Any CPU.ActiveCfg = Release|Any CPU
		{A8C4BE65-A507-4F43-9B0C-643C1E5C0F1D}.Release|Any CPU.Build.0 = Release|Any CPU
		{B06E1678-F561-40A2-BA5A-6ADC226147DB}.Debug|Any CPU.ActiveCfg = Debug|Any CPU
		{B06E1678-F561-40A2-BA5A-6ADC226147DB}.Debug|Any CPU.Build.0 = Debug|Any CPU
		{B06E1678-F561-40A2-BA5A-6ADC226147DB}.Release|Any CPU.ActiveCfg = Release|Any CPU
		{B06E1678-F561-40A2-BA5A-6ADC226147DB}.Release|Any CPU.Build.0 = Release|Any CPU
		{388474D9-8B6F-49D2-BE03-77CC223121EE}.Debug|Any CPU.ActiveCfg = Debug|Any CPU
		{388474D9-8B6F-49D2-BE03-77CC223121EE}.Debug|Any CPU.Build.0 = Debug|Any CPU
		{388474D9-8B6F-49D2-BE03-77CC223121EE}.Release|Any CPU.ActiveCfg = Release|Any CPU
		{388474D9-8B6F-49D2-BE03-77CC223121EE}.Release|Any CPU.Build.0 = Release|Any CPU
		{48A7E98C-8246-4B6E-9293-7F7942CF1618}.Debug|Any CPU.ActiveCfg = Debug|Any CPU
		{48A7E98C-8246-4B6E-9293-7F7942CF1618}.Debug|Any CPU.Build.0 = Debug|Any CPU
		{48A7E98C-8246-4B6E-9293-7F7942CF1618}.Release|Any CPU.ActiveCfg = Release|Any CPU
		{48A7E98C-8246-4B6E-9293-7F7942CF1618}.Release|Any CPU.Build.0 = Release|Any CPU
		{0208D271-6943-48E5-A8FA-F0B05333585A}.Debug|Any CPU.ActiveCfg = Debug|Any CPU
		{0208D271-6943-48E5-A8FA-F0B05333585A}.Debug|Any CPU.Build.0 = Debug|Any CPU
		{0208D271-6943-48E5-A8FA-F0B05333585A}.Release|Any CPU.ActiveCfg = Release|Any CPU
		{0208D271-6943-48E5-A8FA-F0B05333585A}.Release|Any CPU.Build.0 = Release|Any CPU
		{0A84C76A-F51F-455C-81E0-3A6D939DA54F}.Debug|Any CPU.ActiveCfg = Debug|Any CPU
		{0A84C76A-F51F-455C-81E0-3A6D939DA54F}.Debug|Any CPU.Build.0 = Debug|Any CPU
		{0A84C76A-F51F-455C-81E0-3A6D939DA54F}.Release|Any CPU.ActiveCfg = Release|Any CPU
		{0A84C76A-F51F-455C-81E0-3A6D939DA54F}.Release|Any CPU.Build.0 = Release|Any CPU
		{F9AEAC22-4611-4A7E-A495-363E20E555EA}.Debug|Any CPU.ActiveCfg = Debug|Any CPU
		{F9AEAC22-4611-4A7E-A495-363E20E555EA}.Debug|Any CPU.Build.0 = Debug|Any CPU
		{F9AEAC22-4611-4A7E-A495-363E20E555EA}.Release|Any CPU.ActiveCfg = Release|Any CPU
		{F9AEAC22-4611-4A7E-A495-363E20E555EA}.Release|Any CPU.Build.0 = Release|Any CPU
		{2593AE6A-2C40-43AB-8866-B538DC3519BD}.Debug|Any CPU.ActiveCfg = Debug|Any CPU
		{2593AE6A-2C40-43AB-8866-B538DC3519BD}.Debug|Any CPU.Build.0 = Debug|Any CPU
		{2593AE6A-2C40-43AB-8866-B538DC3519BD}.Release|Any CPU.ActiveCfg = Release|Any CPU
		{2593AE6A-2C40-43AB-8866-B538DC3519BD}.Release|Any CPU.Build.0 = Release|Any CPU
		{C3308AAA-497D-47F1-B593-2B26A16ACCDB}.Debug|Any CPU.ActiveCfg = Debug|Any CPU
		{C3308AAA-497D-47F1-B593-2B26A16ACCDB}.Debug|Any CPU.Build.0 = Debug|Any CPU
		{C3308AAA-497D-47F1-B593-2B26A16ACCDB}.Release|Any CPU.ActiveCfg = Release|Any CPU
		{C3308AAA-497D-47F1-B593-2B26A16ACCDB}.Release|Any CPU.Build.0 = Release|Any CPU
		{85259AD9-698B-4A82-8242-CBA5D3A0565E}.Debug|Any CPU.ActiveCfg = Debug|Any CPU
		{85259AD9-698B-4A82-8242-CBA5D3A0565E}.Debug|Any CPU.Build.0 = Debug|Any CPU
		{85259AD9-698B-4A82-8242-CBA5D3A0565E}.Release|Any CPU.ActiveCfg = Release|Any CPU
		{85259AD9-698B-4A82-8242-CBA5D3A0565E}.Release|Any CPU.Build.0 = Release|Any CPU
		{3080C4DE-791E-4A61-9D69-F69C8D770868}.Debug|Any CPU.ActiveCfg = Debug|Any CPU
		{3080C4DE-791E-4A61-9D69-F69C8D770868}.Debug|Any CPU.Build.0 = Debug|Any CPU
		{3080C4DE-791E-4A61-9D69-F69C8D770868}.Release|Any CPU.ActiveCfg = Release|Any CPU
		{3080C4DE-791E-4A61-9D69-F69C8D770868}.Release|Any CPU.Build.0 = Release|Any CPU
		{55B0A229-5A2E-46D1-9570-565C93FBF103}.Debug|Any CPU.ActiveCfg = Debug|Any CPU
		{55B0A229-5A2E-46D1-9570-565C93FBF103}.Debug|Any CPU.Build.0 = Debug|Any CPU
		{55B0A229-5A2E-46D1-9570-565C93FBF103}.Release|Any CPU.ActiveCfg = Release|Any CPU
		{55B0A229-5A2E-46D1-9570-565C93FBF103}.Release|Any CPU.Build.0 = Release|Any CPU
		{2FC0C864-FBF3-4CCD-9C15-27E86D3B406F}.Debug|Any CPU.ActiveCfg = Debug|Any CPU
		{2FC0C864-FBF3-4CCD-9C15-27E86D3B406F}.Debug|Any CPU.Build.0 = Debug|Any CPU
		{2FC0C864-FBF3-4CCD-9C15-27E86D3B406F}.Release|Any CPU.ActiveCfg = Release|Any CPU
		{2FC0C864-FBF3-4CCD-9C15-27E86D3B406F}.Release|Any CPU.Build.0 = Release|Any CPU
		{78DD353D-1D93-469B-B25C-8861C859D56C}.Debug|Any CPU.ActiveCfg = Debug|Any CPU
		{78DD353D-1D93-469B-B25C-8861C859D56C}.Debug|Any CPU.Build.0 = Debug|Any CPU
		{78DD353D-1D93-469B-B25C-8861C859D56C}.Release|Any CPU.ActiveCfg = Release|Any CPU
		{78DD353D-1D93-469B-B25C-8861C859D56C}.Release|Any CPU.Build.0 = Release|Any CPU
		{7FBC2086-0944-4B6A-B880-C7397EFDE3A0}.Debug|Any CPU.ActiveCfg = Debug|Any CPU
		{7FBC2086-0944-4B6A-B880-C7397EFDE3A0}.Debug|Any CPU.Build.0 = Debug|Any CPU
		{7FBC2086-0944-4B6A-B880-C7397EFDE3A0}.Release|Any CPU.ActiveCfg = Release|Any CPU
		{7FBC2086-0944-4B6A-B880-C7397EFDE3A0}.Release|Any CPU.Build.0 = Release|Any CPU
		{B1370B01-5C43-4A51-AEDC-256A5F6CB914}.Debug|Any CPU.ActiveCfg = Debug|Any CPU
		{B1370B01-5C43-4A51-AEDC-256A5F6CB914}.Debug|Any CPU.Build.0 = Debug|Any CPU
		{B1370B01-5C43-4A51-AEDC-256A5F6CB914}.Release|Any CPU.ActiveCfg = Release|Any CPU
		{B1370B01-5C43-4A51-AEDC-256A5F6CB914}.Release|Any CPU.Build.0 = Release|Any CPU
		{4D2C2D9F-B3B4-474B-8E7C-3B9DB29ABEC5}.Debug|Any CPU.ActiveCfg = Debug|Any CPU
		{4D2C2D9F-B3B4-474B-8E7C-3B9DB29ABEC5}.Debug|Any CPU.Build.0 = Debug|Any CPU
		{4D2C2D9F-B3B4-474B-8E7C-3B9DB29ABEC5}.Release|Any CPU.ActiveCfg = Release|Any CPU
		{4D2C2D9F-B3B4-474B-8E7C-3B9DB29ABEC5}.Release|Any CPU.Build.0 = Release|Any CPU
		{3CE4C56D-3DA8-4360-AE2B-52C4F93DEB6C}.Debug|Any CPU.ActiveCfg = Debug|Any CPU
		{3CE4C56D-3DA8-4360-AE2B-52C4F93DEB6C}.Debug|Any CPU.Build.0 = Debug|Any CPU
		{3CE4C56D-3DA8-4360-AE2B-52C4F93DEB6C}.Release|Any CPU.ActiveCfg = Release|Any CPU
		{3CE4C56D-3DA8-4360-AE2B-52C4F93DEB6C}.Release|Any CPU.Build.0 = Release|Any CPU
		{AD06F00D-0340-4B81-AEFF-969A14D72C0C}.Debug|Any CPU.ActiveCfg = Debug|Any CPU
		{AD06F00D-0340-4B81-AEFF-969A14D72C0C}.Debug|Any CPU.Build.0 = Debug|Any CPU
		{AD06F00D-0340-4B81-AEFF-969A14D72C0C}.Release|Any CPU.ActiveCfg = Release|Any CPU
		{AD06F00D-0340-4B81-AEFF-969A14D72C0C}.Release|Any CPU.Build.0 = Release|Any CPU
		{94250836-98B6-4143-90D9-4FA52867BEC0}.Debug|Any CPU.ActiveCfg = Debug|Any CPU
		{94250836-98B6-4143-90D9-4FA52867BEC0}.Debug|Any CPU.Build.0 = Debug|Any CPU
		{94250836-98B6-4143-90D9-4FA52867BEC0}.Release|Any CPU.ActiveCfg = Release|Any CPU
		{94250836-98B6-4143-90D9-4FA52867BEC0}.Release|Any CPU.Build.0 = Release|Any CPU
		{E41ADBB5-E9DB-422C-8F54-8CE70A95D9AA}.Debug|Any CPU.ActiveCfg = Debug|Any CPU
		{E41ADBB5-E9DB-422C-8F54-8CE70A95D9AA}.Debug|Any CPU.Build.0 = Debug|Any CPU
		{E41ADBB5-E9DB-422C-8F54-8CE70A95D9AA}.Release|Any CPU.ActiveCfg = Release|Any CPU
		{E41ADBB5-E9DB-422C-8F54-8CE70A95D9AA}.Release|Any CPU.Build.0 = Release|Any CPU
		{0251AA1D-D5DC-41B4-A10F-A1760BC89D10}.Debug|Any CPU.ActiveCfg = Debug|Any CPU
		{0251AA1D-D5DC-41B4-A10F-A1760BC89D10}.Debug|Any CPU.Build.0 = Debug|Any CPU
		{0251AA1D-D5DC-41B4-A10F-A1760BC89D10}.Release|Any CPU.ActiveCfg = Release|Any CPU
		{0251AA1D-D5DC-41B4-A10F-A1760BC89D10}.Release|Any CPU.Build.0 = Release|Any CPU
		{74CCF701-B00C-444A-85B6-F434DC61B433}.Debug|Any CPU.ActiveCfg = Debug|Any CPU
		{74CCF701-B00C-444A-85B6-F434DC61B433}.Debug|Any CPU.Build.0 = Debug|Any CPU
		{74CCF701-B00C-444A-85B6-F434DC61B433}.Release|Any CPU.ActiveCfg = Release|Any CPU
		{74CCF701-B00C-444A-85B6-F434DC61B433}.Release|Any CPU.Build.0 = Release|Any CPU
		{D52848DA-4467-4ED6-BCE7-7CB6F0767A9A}.Debug|Any CPU.ActiveCfg = Debug|Any CPU
		{D52848DA-4467-4ED6-BCE7-7CB6F0767A9A}.Debug|Any CPU.Build.0 = Debug|Any CPU
		{D52848DA-4467-4ED6-BCE7-7CB6F0767A9A}.Release|Any CPU.ActiveCfg = Release|Any CPU
		{D52848DA-4467-4ED6-BCE7-7CB6F0767A9A}.Release|Any CPU.Build.0 = Release|Any CPU
		{13D3C194-16F7-4F03-B3D5-DC9BD4A8138A}.Debug|Any CPU.ActiveCfg = Debug|Any CPU
		{13D3C194-16F7-4F03-B3D5-DC9BD4A8138A}.Debug|Any CPU.Build.0 = Debug|Any CPU
		{13D3C194-16F7-4F03-B3D5-DC9BD4A8138A}.Release|Any CPU.ActiveCfg = Release|Any CPU
		{13D3C194-16F7-4F03-B3D5-DC9BD4A8138A}.Release|Any CPU.Build.0 = Release|Any CPU
		{16B2CD2E-09D5-4447-A4B1-03472849046F}.Debug|Any CPU.ActiveCfg = Debug|Any CPU
		{16B2CD2E-09D5-4447-A4B1-03472849046F}.Debug|Any CPU.Build.0 = Debug|Any CPU
		{16B2CD2E-09D5-4447-A4B1-03472849046F}.Release|Any CPU.ActiveCfg = Release|Any CPU
		{16B2CD2E-09D5-4447-A4B1-03472849046F}.Release|Any CPU.Build.0 = Release|Any CPU
		{57974B7E-2D36-4A99-82B8-6CA134652C97}.Debug|Any CPU.ActiveCfg = Debug|Any CPU
		{57974B7E-2D36-4A99-82B8-6CA134652C97}.Debug|Any CPU.Build.0 = Debug|Any CPU
		{57974B7E-2D36-4A99-82B8-6CA134652C97}.Release|Any CPU.ActiveCfg = Release|Any CPU
		{57974B7E-2D36-4A99-82B8-6CA134652C97}.Release|Any CPU.Build.0 = Release|Any CPU
		{4847655F-B00A-464D-8CCF-0DA5ED332407}.Debug|Any CPU.ActiveCfg = Debug|Any CPU
		{4847655F-B00A-464D-8CCF-0DA5ED332407}.Debug|Any CPU.Build.0 = Debug|Any CPU
		{4847655F-B00A-464D-8CCF-0DA5ED332407}.Release|Any CPU.ActiveCfg = Release|Any CPU
		{4847655F-B00A-464D-8CCF-0DA5ED332407}.Release|Any CPU.Build.0 = Release|Any CPU
		{B03B032B-D355-489D-9380-18E3195DA18C}.Debug|Any CPU.ActiveCfg = Debug|Any CPU
		{B03B032B-D355-489D-9380-18E3195DA18C}.Debug|Any CPU.Build.0 = Debug|Any CPU
		{B03B032B-D355-489D-9380-18E3195DA18C}.Release|Any CPU.ActiveCfg = Release|Any CPU
		{B03B032B-D355-489D-9380-18E3195DA18C}.Release|Any CPU.Build.0 = Release|Any CPU
		{DFD4B4BB-D944-41C1-875A-AF09B1C0E739}.Debug|Any CPU.ActiveCfg = Debug|Any CPU
		{DFD4B4BB-D944-41C1-875A-AF09B1C0E739}.Debug|Any CPU.Build.0 = Debug|Any CPU
		{DFD4B4BB-D944-41C1-875A-AF09B1C0E739}.Release|Any CPU.ActiveCfg = Release|Any CPU
		{DFD4B4BB-D944-41C1-875A-AF09B1C0E739}.Release|Any CPU.Build.0 = Release|Any CPU
		{73F412E1-D781-4CB5-8767-487A95F154EE}.Debug|Any CPU.ActiveCfg = Debug|Any CPU
		{73F412E1-D781-4CB5-8767-487A95F154EE}.Debug|Any CPU.Build.0 = Debug|Any CPU
		{73F412E1-D781-4CB5-8767-487A95F154EE}.Release|Any CPU.ActiveCfg = Release|Any CPU
		{73F412E1-D781-4CB5-8767-487A95F154EE}.Release|Any CPU.Build.0 = Release|Any CPU
		{12C96DEA-6A66-4CEA-9DB6-0FD873F882AD}.Debug|Any CPU.ActiveCfg = Debug|Any CPU
		{12C96DEA-6A66-4CEA-9DB6-0FD873F882AD}.Debug|Any CPU.Build.0 = Debug|Any CPU
		{12C96DEA-6A66-4CEA-9DB6-0FD873F882AD}.Release|Any CPU.ActiveCfg = Release|Any CPU
		{12C96DEA-6A66-4CEA-9DB6-0FD873F882AD}.Release|Any CPU.Build.0 = Release|Any CPU
		{02A046F5-CE0D-480D-88AC-81CC2188E6D8}.Debug|Any CPU.ActiveCfg = Debug|Any CPU
		{02A046F5-CE0D-480D-88AC-81CC2188E6D8}.Debug|Any CPU.Build.0 = Debug|Any CPU
		{02A046F5-CE0D-480D-88AC-81CC2188E6D8}.Release|Any CPU.ActiveCfg = Release|Any CPU
		{02A046F5-CE0D-480D-88AC-81CC2188E6D8}.Release|Any CPU.Build.0 = Release|Any CPU
		{F9C93283-F646-4299-9ECF-F338B0358A05}.Debug|Any CPU.ActiveCfg = Debug|Any CPU
		{F9C93283-F646-4299-9ECF-F338B0358A05}.Debug|Any CPU.Build.0 = Debug|Any CPU
		{F9C93283-F646-4299-9ECF-F338B0358A05}.Release|Any CPU.ActiveCfg = Release|Any CPU
		{F9C93283-F646-4299-9ECF-F338B0358A05}.Release|Any CPU.Build.0 = Release|Any CPU
		{B8370BFC-72C0-4851-AAA8-7F4DAAB93FA8}.Debug|Any CPU.ActiveCfg = Debug|Any CPU
		{B8370BFC-72C0-4851-AAA8-7F4DAAB93FA8}.Debug|Any CPU.Build.0 = Debug|Any CPU
		{B8370BFC-72C0-4851-AAA8-7F4DAAB93FA8}.Release|Any CPU.ActiveCfg = Release|Any CPU
		{B8370BFC-72C0-4851-AAA8-7F4DAAB93FA8}.Release|Any CPU.Build.0 = Release|Any CPU
		{79B522F7-F9D6-4098-A9EC-84B8826EA502}.Debug|Any CPU.ActiveCfg = Debug|Any CPU
		{79B522F7-F9D6-4098-A9EC-84B8826EA502}.Debug|Any CPU.Build.0 = Debug|Any CPU
		{79B522F7-F9D6-4098-A9EC-84B8826EA502}.Release|Any CPU.ActiveCfg = Release|Any CPU
		{79B522F7-F9D6-4098-A9EC-84B8826EA502}.Release|Any CPU.Build.0 = Release|Any CPU
		{F0209179-CA47-4A28-A8B5-2F2E0FBDDEE5}.Debug|Any CPU.ActiveCfg = Debug|Any CPU
		{F0209179-CA47-4A28-A8B5-2F2E0FBDDEE5}.Debug|Any CPU.Build.0 = Debug|Any CPU
		{F0209179-CA47-4A28-A8B5-2F2E0FBDDEE5}.Release|Any CPU.ActiveCfg = Release|Any CPU
		{F0209179-CA47-4A28-A8B5-2F2E0FBDDEE5}.Release|Any CPU.Build.0 = Release|Any CPU
	EndGlobalSection
	GlobalSection(SolutionProperties) = preSolution
		HideSolutionNode = FALSE
	EndGlobalSection
	GlobalSection(ExtensibilityGlobals) = postSolution
		SolutionGuid = {3E2BA831-A2F1-4953-A410-63934BBE766F}
	EndGlobalSection
EndGlobal
